// !$*UTF8*$!
{
	archiveVersion = 1;
	classes = {
	};
	objectVersion = 77;
	objects = {

/* Begin PBXContainerItemProxy section */
		830E20FC2DD4355600E874E9 /* PBXContainerItemProxy */ = {
			isa = PBXContainerItemProxy;
			containerPortal = 830E20E32DD4355300E874E9 /* Project object */;
			proxyType = 1;
			remoteGlobalIDString = 830E20EA2DD4355300E874E9;
			remoteInfo = TestSwiftLintDangerBitrise;
		};
		830E21062DD4355600E874E9 /* PBXContainerItemProxy */ = {
			isa = PBXContainerItemProxy;
			containerPortal = 830E20E32DD4355300E874E9 /* Project object */;
			proxyType = 1;
			remoteGlobalIDString = 830E20EA2DD4355300E874E9;
			remoteInfo = TestSwiftLintDangerBitrise;
		};
/* End PBXContainerItemProxy section */

/* Begin PBXFileReference section */
		830E20EB2DD4355300E874E9 /* TestSwiftLintDangerBitrise.app */ = {isa = PBXFileReference; explicitFileType = wrapper.application; includeInIndex = 0; path = TestSwiftLintDangerBitrise.app; sourceTree = BUILT_PRODUCTS_DIR; };
		830E20FB2DD4355600E874E9 /* TestSwiftLintDangerBitriseTests.xctest */ = {isa = PBXFileReference; explicitFileType = wrapper.cfbundle; includeInIndex = 0; path = TestSwiftLintDangerBitriseTests.xctest; sourceTree = BUILT_PRODUCTS_DIR; };
		830E21052DD4355600E874E9 /* TestSwiftLintDangerBitriseUITests.xctest */ = {isa = PBXFileReference; explicitFileType = wrapper.cfbundle; includeInIndex = 0; path = TestSwiftLintDangerBitriseUITests.xctest; sourceTree = BUILT_PRODUCTS_DIR; };
/* End PBXFileReference section */

/* Begin PBXFileSystemSynchronizedRootGroup section */
		830E20ED2DD4355300E874E9 /* TestSwiftLintDangerBitrise */ = {
			isa = PBXFileSystemSynchronizedRootGroup;
			path = TestSwiftLintDangerBitrise;
			sourceTree = "<group>";
		};
		830E20FE2DD4355600E874E9 /* TestSwiftLintDangerBitriseTests */ = {
			isa = PBXFileSystemSynchronizedRootGroup;
			path = TestSwiftLintDangerBitriseTests;
			sourceTree = "<group>";
		};
		830E21082DD4355600E874E9 /* TestSwiftLintDangerBitriseUITests */ = {
			isa = PBXFileSystemSynchronizedRootGroup;
			path = TestSwiftLintDangerBitriseUITests;
			sourceTree = "<group>";
		};
/* End PBXFileSystemSynchronizedRootGroup section */

/* Begin PBXFrameworksBuildPhase section */
		830E20E82DD4355300E874E9 /* Frameworks */ = {
			isa = PBXFrameworksBuildPhase;
			buildActionMask = 2147483647;
			files = (
			);
			runOnlyForDeploymentPostprocessing = 0;
		};
		830E20F82DD4355600E874E9 /* Frameworks */ = {
			isa = PBXFrameworksBuildPhase;
			buildActionMask = 2147483647;
			files = (
			);
			runOnlyForDeploymentPostprocessing = 0;
		};
		830E21022DD4355600E874E9 /* Frameworks */ = {
			isa = PBXFrameworksBuildPhase;
			buildActionMask = 2147483647;
			files = (
			);
			runOnlyForDeploymentPostprocessing = 0;
		};
/* End PBXFrameworksBuildPhase section */

/* Begin PBXGroup section */
		830E20E22DD4355300E874E9 = {
			isa = PBXGroup;
			children = (
				830E20ED2DD4355300E874E9 /* TestSwiftLintDangerBitrise */,
				830E20FE2DD4355600E874E9 /* TestSwiftLintDangerBitriseTests */,
				830E21082DD4355600E874E9 /* TestSwiftLintDangerBitriseUITests */,
				830E20EC2DD4355300E874E9 /* Products */,
			);
			sourceTree = "<group>";
		};
		830E20EC2DD4355300E874E9 /* Products */ = {
			isa = PBXGroup;
			children = (
				830E20EB2DD4355300E874E9 /* TestSwiftLintDangerBitrise.app */,
				830E20FB2DD4355600E874E9 /* TestSwiftLintDangerBitriseTests.xctest */,
				830E21052DD4355600E874E9 /* TestSwiftLintDangerBitriseUITests.xctest */,
			);
			name = Products;
			sourceTree = "<group>";
		};
/* End PBXGroup section */

/* Begin PBXNativeTarget section */
		830E20EA2DD4355300E874E9 /* TestSwiftLintDangerBitrise */ = {
			isa = PBXNativeTarget;
			buildConfigurationList = 830E210F2DD4355600E874E9 /* Build configuration list for PBXNativeTarget "TestSwiftLintDangerBitrise" */;
			buildPhases = (
				830E20E72DD4355300E874E9 /* Sources */,
				830E20E82DD4355300E874E9 /* Frameworks */,
				830E20E92DD4355300E874E9 /* Resources */,
			);
			buildRules = (
			);
			dependencies = (
			);
			fileSystemSynchronizedGroups = (
				830E20ED2DD4355300E874E9 /* TestSwiftLintDangerBitrise */,
			);
			name = TestSwiftLintDangerBitrise;
			packageProductDependencies = (
			);
			productName = TestSwiftLintDangerBitrise;
			productReference = 830E20EB2DD4355300E874E9 /* TestSwiftLintDangerBitrise.app */;
			productType = "com.apple.product-type.application";
		};
		830E20FA2DD4355600E874E9 /* TestSwiftLintDangerBitriseTests */ = {
			isa = PBXNativeTarget;
			buildConfigurationList = 830E21122DD4355600E874E9 /* Build configuration list for PBXNativeTarget "TestSwiftLintDangerBitriseTests" */;
			buildPhases = (
				830E20F72DD4355600E874E9 /* Sources */,
				830E20F82DD4355600E874E9 /* Frameworks */,
				830E20F92DD4355600E874E9 /* Resources */,
			);
			buildRules = (
			);
			dependencies = (
				830E20FD2DD4355600E874E9 /* PBXTargetDependency */,
			);
			fileSystemSynchronizedGroups = (
				830E20FE2DD4355600E874E9 /* TestSwiftLintDangerBitriseTests */,
			);
			name = TestSwiftLintDangerBitriseTests;
			packageProductDependencies = (
			);
			productName = TestSwiftLintDangerBitriseTests;
			productReference = 830E20FB2DD4355600E874E9 /* TestSwiftLintDangerBitriseTests.xctest */;
			productType = "com.apple.product-type.bundle.unit-test";
		};
		830E21042DD4355600E874E9 /* TestSwiftLintDangerBitriseUITests */ = {
			isa = PBXNativeTarget;
			buildConfigurationList = 830E21152DD4355600E874E9 /* Build configuration list for PBXNativeTarget "TestSwiftLintDangerBitriseUITests" */;
			buildPhases = (
				830E21012DD4355600E874E9 /* Sources */,
				830E21022DD4355600E874E9 /* Frameworks */,
				830E21032DD4355600E874E9 /* Resources */,
			);
			buildRules = (
			);
			dependencies = (
				830E21072DD4355600E874E9 /* PBXTargetDependency */,
			);
			fileSystemSynchronizedGroups = (
				830E21082DD4355600E874E9 /* TestSwiftLintDangerBitriseUITests */,
			);
			name = TestSwiftLintDangerBitriseUITests;
			packageProductDependencies = (
			);
			productName = TestSwiftLintDangerBitriseUITests;
			productReference = 830E21052DD4355600E874E9 /* TestSwiftLintDangerBitriseUITests.xctest */;
			productType = "com.apple.product-type.bundle.ui-testing";
		};
/* End PBXNativeTarget section */

/* Begin PBXProject section */
		830E20E32DD4355300E874E9 /* Project object */ = {
			isa = PBXProject;
			attributes = {
				BuildIndependentTargetsInParallel = 1;
				LastSwiftUpdateCheck = 1620;
				LastUpgradeCheck = 1620;
				TargetAttributes = {
					830E20EA2DD4355300E874E9 = {
						CreatedOnToolsVersion = 16.2;
					};
					830E20FA2DD4355600E874E9 = {
						CreatedOnToolsVersion = 16.2;
						TestTargetID = 830E20EA2DD4355300E874E9;
					};
					830E21042DD4355600E874E9 = {
						CreatedOnToolsVersion = 16.2;
						TestTargetID = 830E20EA2DD4355300E874E9;
					};
				};
			};
			buildConfigurationList = 830E20E62DD4355300E874E9 /* Build configuration list for PBXProject "TestSwiftLintDangerBitrise" */;
			developmentRegion = en;
			hasScannedForEncodings = 0;
			knownRegions = (
				en,
				Base,
			);
			mainGroup = 830E20E22DD4355300E874E9;
			minimizedProjectReferenceProxies = 1;
			preferredProjectObjectVersion = 77;
			productRefGroup = 830E20EC2DD4355300E874E9 /* Products */;
			projectDirPath = "";
			projectRoot = "";
			targets = (
				830E20EA2DD4355300E874E9 /* TestSwiftLintDangerBitrise */,
				830E20FA2DD4355600E874E9 /* TestSwiftLintDangerBitriseTests */,
				830E21042DD4355600E874E9 /* TestSwiftLintDangerBitriseUITests */,
			);
		};
/* End PBXProject section */

/* Begin PBXResourcesBuildPhase section */
		830E20E92DD4355300E874E9 /* Resources */ = {
			isa = PBXResourcesBuildPhase;
			buildActionMask = 2147483647;
			files = (
			);
			runOnlyForDeploymentPostprocessing = 0;
		};
		830E20F92DD4355600E874E9 /* Resources */ = {
			isa = PBXResourcesBuildPhase;
			buildActionMask = 2147483647;
			files = (
			);
			runOnlyForDeploymentPostprocessing = 0;
		};
		830E21032DD4355600E874E9 /* Resources */ = {
			isa = PBXResourcesBuildPhase;
			buildActionMask = 2147483647;
			files = (
			);
			runOnlyForDeploymentPostprocessing = 0;
		};
/* End PBXResourcesBuildPhase section */

/* Begin PBXSourcesBuildPhase section */
		830E20E72DD4355300E874E9 /* Sources */ = {
			isa = PBXSourcesBuildPhase;
			buildActionMask = 2147483647;
			files = (
			);
			runOnlyForDeploymentPostprocessing = 0;
		};
		830E20F72DD4355600E874E9 /* Sources */ = {
			isa = PBXSourcesBuildPhase;
			buildActionMask = 2147483647;
			files = (
			);
			runOnlyForDeploymentPostprocessing = 0;
		};
		830E21012DD4355600E874E9 /* Sources */ = {
			isa = PBXSourcesBuildPhase;
			buildActionMask = 2147483647;
			files = (
			);
			runOnlyForDeploymentPostprocessing = 0;
		};
/* End PBXSourcesBuildPhase section */

/* Begin PBXTargetDependency section */
		830E20FD2DD4355600E874E9 /* PBXTargetDependency */ = {
			isa = PBXTargetDependency;
			target = 830E20EA2DD4355300E874E9 /* TestSwiftLintDangerBitrise */;
			targetProxy = 830E20FC2DD4355600E874E9 /* PBXContainerItemProxy */;
		};
		830E21072DD4355600E874E9 /* PBXTargetDependency */ = {
			isa = PBXTargetDependency;
			target = 830E20EA2DD4355300E874E9 /* TestSwiftLintDangerBitrise */;
			targetProxy = 830E21062DD4355600E874E9 /* PBXContainerItemProxy */;
		};
/* End PBXTargetDependency section */

/* Begin XCBuildConfiguration section */
		830E210D2DD4355600E874E9 /* Debug */ = {
			isa = XCBuildConfiguration;
			buildSettings = {
				ALWAYS_SEARCH_USER_PATHS = NO;
				ASSETCATALOG_COMPILER_GENERATE_SWIFT_ASSET_SYMBOL_EXTENSIONS = YES;
				CLANG_ANALYZER_NONNULL = YES;
				CLANG_ANALYZER_NUMBER_OBJECT_CONVERSION = YES_AGGRESSIVE;
				CLANG_CXX_LANGUAGE_STANDARD = "gnu++20";
				CLANG_ENABLE_MODULES = YES;
				CLANG_ENABLE_OBJC_ARC = YES;
				CLANG_ENABLE_OBJC_WEAK = YES;
				CLANG_WARN_BLOCK_CAPTURE_AUTORELEASING = YES;
				CLANG_WARN_BOOL_CONVERSION = YES;
				CLANG_WARN_COMMA = YES;
				CLANG_WARN_CONSTANT_CONVERSION = YES;
				CLANG_WARN_DEPRECATED_OBJC_IMPLEMENTATIONS = YES;
				CLANG_WARN_DIRECT_OBJC_ISA_USAGE = YES_ERROR;
				CLANG_WARN_DOCUMENTATION_COMMENTS = YES;
				CLANG_WARN_EMPTY_BODY = YES;
				CLANG_WARN_ENUM_CONVERSION = YES;
				CLANG_WARN_INFINITE_RECURSION = YES;
				CLANG_WARN_INT_CONVERSION = YES;
				CLANG_WARN_NON_LITERAL_NULL_CONVERSION = YES;
				CLANG_WARN_OBJC_IMPLICIT_RETAIN_SELF = YES;
				CLANG_WARN_OBJC_LITERAL_CONVERSION = YES;
				CLANG_WARN_OBJC_ROOT_CLASS = YES_ERROR;
				CLANG_WARN_QUOTED_INCLUDE_IN_FRAMEWORK_HEADER = YES;
				CLANG_WARN_RANGE_LOOP_ANALYSIS = YES;
				CLANG_WARN_STRICT_PROTOTYPES = YES;
				CLANG_WARN_SUSPICIOUS_MOVE = YES;
				CLANG_WARN_UNGUARDED_AVAILABILITY = YES_AGGRESSIVE;
				CLANG_WARN_UNREACHABLE_CODE = YES;
				CLANG_WARN__DUPLICATE_METHOD_MATCH = YES;
				COPY_PHASE_STRIP = NO;
				DEBUG_INFORMATION_FORMAT = dwarf;
				ENABLE_STRICT_OBJC_MSGSEND = YES;
				ENABLE_TESTABILITY = YES;
				ENABLE_USER_SCRIPT_SANDBOXING = YES;
				GCC_C_LANGUAGE_STANDARD = gnu17;
				GCC_DYNAMIC_NO_PIC = NO;
				GCC_NO_COMMON_BLOCKS = YES;
				GCC_OPTIMIZATION_LEVEL = 0;
				GCC_PREPROCESSOR_DEFINITIONS = (
					"DEBUG=1",
					"$(inherited)",
				);
				GCC_WARN_64_TO_32_BIT_CONVERSION = YES;
				GCC_WARN_ABOUT_RETURN_TYPE = YES_ERROR;
				GCC_WARN_UNDECLARED_SELECTOR = YES;
				GCC_WARN_UNINITIALIZED_AUTOS = YES_AGGRESSIVE;
				GCC_WARN_UNUSED_FUNCTION = YES;
				GCC_WARN_UNUSED_VARIABLE = YES;
				IPHONEOS_DEPLOYMENT_TARGET = 18.2;
				LOCALIZATION_PREFERS_STRING_CATALOGS = YES;
				MTL_ENABLE_DEBUG_INFO = INCLUDE_SOURCE;
				MTL_FAST_MATH = YES;
				ONLY_ACTIVE_ARCH = YES;
				SDKROOT = iphoneos;
				SWIFT_ACTIVE_COMPILATION_CONDITIONS = "DEBUG $(inherited)";
				SWIFT_OPTIMIZATION_LEVEL = "-Onone";
			};
			name = Debug;
		};
		830E210E2DD4355600E874E9 /* Release */ = {
			isa = XCBuildConfiguration;
			buildSettings = {
				ALWAYS_SEARCH_USER_PATHS = NO;
				ASSETCATALOG_COMPILER_GENERATE_SWIFT_ASSET_SYMBOL_EXTENSIONS = YES;
				CLANG_ANALYZER_NONNULL = YES;
				CLANG_ANALYZER_NUMBER_OBJECT_CONVERSION = YES_AGGRESSIVE;
				CLANG_CXX_LANGUAGE_STANDARD = "gnu++20";
				CLANG_ENABLE_MODULES = YES;
				CLANG_ENABLE_OBJC_ARC = YES;
				CLANG_ENABLE_OBJC_WEAK = YES;
				CLANG_WARN_BLOCK_CAPTURE_AUTORELEASING = YES;
				CLANG_WARN_BOOL_CONVERSION = YES;
				CLANG_WARN_COMMA = YES;
				CLANG_WARN_CONSTANT_CONVERSION = YES;
				CLANG_WARN_DEPRECATED_OBJC_IMPLEMENTATIONS = YES;
				CLANG_WARN_DIRECT_OBJC_ISA_USAGE = YES_ERROR;
				CLANG_WARN_DOCUMENTATION_COMMENTS = YES;
				CLANG_WARN_EMPTY_BODY = YES;
				CLANG_WARN_ENUM_CONVERSION = YES;
				CLANG_WARN_INFINITE_RECURSION = YES;
				CLANG_WARN_INT_CONVERSION = YES;
				CLANG_WARN_NON_LITERAL_NULL_CONVERSION = YES;
				CLANG_WARN_OBJC_IMPLICIT_RETAIN_SELF = YES;
				CLANG_WARN_OBJC_LITERAL_CONVERSION = YES;
				CLANG_WARN_OBJC_ROOT_CLASS = YES_ERROR;
				CLANG_WARN_QUOTED_INCLUDE_IN_FRAMEWORK_HEADER = YES;
				CLANG_WARN_RANGE_LOOP_ANALYSIS = YES;
				CLANG_WARN_STRICT_PROTOTYPES = YES;
				CLANG_WARN_SUSPICIOUS_MOVE = YES;
				CLANG_WARN_UNGUARDED_AVAILABILITY = YES_AGGRESSIVE;
				CLANG_WARN_UNREACHABLE_CODE = YES;
				CLANG_WARN__DUPLICATE_METHOD_MATCH = YES;
				COPY_PHASE_STRIP = NO;
				DEBUG_INFORMATION_FORMAT = "dwarf-with-dsym";
				ENABLE_NS_ASSERTIONS = NO;
				ENABLE_STRICT_OBJC_MSGSEND = YES;
				ENABLE_USER_SCRIPT_SANDBOXING = YES;
				GCC_C_LANGUAGE_STANDARD = gnu17;
				GCC_NO_COMMON_BLOCKS = YES;
				GCC_WARN_64_TO_32_BIT_CONVERSION = YES;
				GCC_WARN_ABOUT_RETURN_TYPE = YES_ERROR;
				GCC_WARN_UNDECLARED_SELECTOR = YES;
				GCC_WARN_UNINITIALIZED_AUTOS = YES_AGGRESSIVE;
				GCC_WARN_UNUSED_FUNCTION = YES;
				GCC_WARN_UNUSED_VARIABLE = YES;
				IPHONEOS_DEPLOYMENT_TARGET = 18.2;
				LOCALIZATION_PREFERS_STRING_CATALOGS = YES;
				MTL_ENABLE_DEBUG_INFO = NO;
				MTL_FAST_MATH = YES;
				SDKROOT = iphoneos;
				SWIFT_COMPILATION_MODE = wholemodule;
				VALIDATE_PRODUCT = YES;
			};
			name = Release;
		};
		830E21102DD4355600E874E9 /* Debug */ = {
			isa = XCBuildConfiguration;
			buildSettings = {
				ASSETCATALOG_COMPILER_APPICON_NAME = AppIcon;
				ASSETCATALOG_COMPILER_GLOBAL_ACCENT_COLOR_NAME = AccentColor;
				CODE_SIGN_STYLE = Automatic;
				CURRENT_PROJECT_VERSION = 1;
				DEVELOPMENT_ASSET_PATHS = "\"TestSwiftLintDangerBitrise/Preview Content\"";
				DEVELOPMENT_TEAM = L35MVZ453P;
				ENABLE_PREVIEWS = YES;
				GENERATE_INFOPLIST_FILE = YES;
				INFOPLIST_KEY_UIApplicationSceneManifest_Generation = YES;
				INFOPLIST_KEY_UIApplicationSupportsIndirectInputEvents = YES;
				INFOPLIST_KEY_UILaunchScreen_Generation = YES;
				INFOPLIST_KEY_UISupportedInterfaceOrientations_iPad = "UIInterfaceOrientationPortrait UIInterfaceOrientationPortraitUpsideDown UIInterfaceOrientationLandscapeLeft UIInterfaceOrientationLandscapeRight";
				INFOPLIST_KEY_UISupportedInterfaceOrientations_iPhone = "UIInterfaceOrientationPortrait UIInterfaceOrientationLandscapeLeft UIInterfaceOrientationLandscapeRight";
				LD_RUNPATH_SEARCH_PATHS = (
					"$(inherited)",
					"@executable_path/Frameworks",
				);
				MARKETING_VERSION = 1.0;
				PRODUCT_BUNDLE_IDENTIFIER = "com.kenta-suzuki.TestSwiftLintDangerBitrise";
				PRODUCT_NAME = "$(TARGET_NAME)";
				SWIFT_EMIT_LOC_STRINGS = YES;
				SWIFT_VERSION = 5.0;
				TARGETED_DEVICE_FAMILY = "1,2";
			};
			name = Debug;
		};
		830E21112DD4355600E874E9 /* Release */ = {
			isa = XCBuildConfiguration;
			buildSettings = {
				ASSETCATALOG_COMPILER_APPICON_NAME = AppIcon;
				ASSETCATALOG_COMPILER_GLOBAL_ACCENT_COLOR_NAME = AccentColor;
				CODE_SIGN_STYLE = Automatic;
				CURRENT_PROJECT_VERSION = 1;
				DEVELOPMENT_ASSET_PATHS = "\"TestSwiftLintDangerBitrise/Preview Content\"";
				DEVELOPMENT_TEAM = L35MVZ453P;
				ENABLE_PREVIEWS = YES;
				GENERATE_INFOPLIST_FILE = YES;
				INFOPLIST_KEY_UIApplicationSceneManifest_Generation = YES;
				INFOPLIST_KEY_UIApplicationSupportsIndirectInputEvents = YES;
				INFOPLIST_KEY_UILaunchScreen_Generation = YES;
				INFOPLIST_KEY_UISupportedInterfaceOrientations_iPad = "UIInterfaceOrientationPortrait UIInterfaceOrientationPortraitUpsideDown UIInterfaceOrientationLandscapeLeft UIInterfaceOrientationLandscapeRight";
				INFOPLIST_KEY_UISupportedInterfaceOrientations_iPhone = "UIInterfaceOrientationPortrait UIInterfaceOrientationLandscapeLeft UIInterfaceOrientationLandscapeRight";
				LD_RUNPATH_SEARCH_PATHS = (
					"$(inherited)",
					"@executable_path/Frameworks",
				);
				MARKETING_VERSION = 1.0;
				PRODUCT_BUNDLE_IDENTIFIER = "com.kenta-suzuki.TestSwiftLintDangerBitrise";
				PRODUCT_NAME = "$(TARGET_NAME)";
				SWIFT_EMIT_LOC_STRINGS = YES;
				SWIFT_VERSION = 5.0;
				TARGETED_DEVICE_FAMILY = "1,2";
			};
			name = Release;
		};
		830E21132DD4355600E874E9 /* Debug */ = {
			isa = XCBuildConfiguration;
			buildSettings = {
				BUNDLE_LOADER = "$(TEST_HOST)";
				CODE_SIGN_STYLE = Automatic;
				CURRENT_PROJECT_VERSION = 1;
				DEVELOPMENT_TEAM = L35MVZ453P;
				GENERATE_INFOPLIST_FILE = YES;
				IPHONEOS_DEPLOYMENT_TARGET = 18.2;
				MARKETING_VERSION = 1.0;
				PRODUCT_BUNDLE_IDENTIFIER = "com.kenta-suzuki.TestSwiftLintDangerBitriseTests";
				PRODUCT_NAME = "$(TARGET_NAME)";
				SWIFT_EMIT_LOC_STRINGS = NO;
				SWIFT_VERSION = 5.0;
				TARGETED_DEVICE_FAMILY = "1,2";
				TEST_HOST = "$(BUILT_PRODUCTS_DIR)/TestSwiftLintDangerBitrise.app/$(BUNDLE_EXECUTABLE_FOLDER_PATH)/TestSwiftLintDangerBitrise";
			};
			name = Debug;
		};
		830E21142DD4355600E874E9 /* Release */ = {
			isa = XCBuildConfiguration;
			buildSettings = {
				BUNDLE_LOADER = "$(TEST_HOST)";
				CODE_SIGN_STYLE = Automatic;
				CURRENT_PROJECT_VERSION = 1;
				DEVELOPMENT_TEAM = L35MVZ453P;
				GENERATE_INFOPLIST_FILE = YES;
				IPHONEOS_DEPLOYMENT_TARGET = 18.2;
				MARKETING_VERSION = 1.0;
				PRODUCT_BUNDLE_IDENTIFIER = "com.kenta-suzuki.TestSwiftLintDangerBitriseTests";
				PRODUCT_NAME = "$(TARGET_NAME)";
				SWIFT_EMIT_LOC_STRINGS = NO;
				SWIFT_VERSION = 5.0;
				TARGETED_DEVICE_FAMILY = "1,2";
				TEST_HOST = "$(BUILT_PRODUCTS_DIR)/TestSwiftLintDangerBitrise.app/$(BUNDLE_EXECUTABLE_FOLDER_PATH)/TestSwiftLintDangerBitrise";
			};
			name = Release;
		};
		830E21162DD4355600E874E9 /* Debug */ = {
			isa = XCBuildConfiguration;
			buildSettings = {
				CODE_SIGN_STYLE = Automatic;
				CURRENT_PROJECT_VERSION = 1;
				DEVELOPMENT_TEAM = L35MVZ453P;
				GENERATE_INFOPLIST_FILE = YES;
				MARKETING_VERSION = 1.0;
				PRODUCT_BUNDLE_IDENTIFIER = "com.kenta-suzuki.TestSwiftLintDangerBitriseUITests";
				PRODUCT_NAME = "$(TARGET_NAME)";
				SWIFT_EMIT_LOC_STRINGS = NO;
				SWIFT_VERSION = 5.0;
				TARGETED_DEVICE_FAMILY = "1,2";
				TEST_TARGET_NAME = TestSwiftLintDangerBitrise;
			};
			name = Debug;
		};
		830E21172DD4355600E874E9 /* Release */ = {
			isa = XCBuildConfiguration;
			buildSettings = {
				CODE_SIGN_STYLE = Automatic;
				CURRENT_PROJECT_VERSION = 1;
				DEVELOPMENT_TEAM = L35MVZ453P;
				GENERATE_INFOPLIST_FILE = YES;
				MARKETING_VERSION = 1.0;
				PRODUCT_BUNDLE_IDENTIFIER = "com.kenta-suzuki.TestSwiftLintDangerBitriseUITests";
				PRODUCT_NAME = "$(TARGET_NAME)";
				SWIFT_EMIT_LOC_STRINGS = NO;
				SWIFT_VERSION = 5.0;
				TARGETED_DEVICE_FAMILY = "1,2";
				TEST_TARGET_NAME = TestSwiftLintDangerBitrise;
			};
			name = Release;
		};
/* End XCBuildConfiguration section */

/* Begin XCConfigurationList section */
		830E20E62DD4355300E874E9 /* Build configuration list for PBXProject "TestSwiftLintDangerBitrise" */ = {
			isa = XCConfigurationList;
			buildConfigurations = (
				830E210D2DD4355600E874E9 /* Debug */,
				830E210E2DD4355600E874E9 /* Release */,
			);
			defaultConfigurationIsVisible = 0;
			defaultConfigurationName = Release;
		};
		830E210F2DD4355600E874E9 /* Build configuration list for PBXNativeTarget "TestSwiftLintDangerBitrise" */ = {
			isa = XCConfigurationList;
			buildConfigurations = (
				830E21102DD4355600E874E9 /* Debug */,
				830E21112DD4355600E874E9 /* Release */,
			);
			defaultConfigurationIsVisible = 0;
			defaultConfigurationName = Release;
		};
		830E21122DD4355600E874E9 /* Build configuration list for PBXNativeTarget "TestSwiftLintDangerBitriseTests" */ = {
			isa = XCConfigurationList;
			buildConfigurations = (
				830E21132DD4355600E874E9 /* Debug */,
				830E21142DD4355600E874E9 /* Release */,
			);
			defaultConfigurationIsVisible = 0;
			defaultConfigurationName = Release;
		};
		830E21152DD4355600E874E9 /* Build configuration list for PBXNativeTarget "TestSwiftLintDangerBitriseUITests" */ = {
			isa = XCConfigurationList;
			buildConfigurations = (
				830E21162DD4355600E874E9 /* Debug */,
				830E21172DD4355600E874E9 /* Release */,
			);
			defaultConfigurationIsVisible = 0;
			defaultConfigurationName = Release;
		};
/* End XCConfigurationList section */
	};
	rootObject = 830E20E32DD4355300E874E9 /* Project object */;
}
